# generated by rye
# use `rye lock` or `rye sync` to update this lockfile
#
# last locked with the following flags:
#   pre: false
#   features: []
#   all-features: false
#   with-sources: false
#   generate-hashes: false
#   universal: false

-e file:.
anyio==4.5.2
    # via httpx
certifi==2024.8.30
    # via httpcore
    # via httpx
click==8.1.7
    # via typer
exceptiongroup==1.2.2
    # via anyio
    # via pytest
h11==0.14.0
    # via httpcore
httpcore==1.0.7
    # via httpx
httpx==0.28.1
    # via contrast-vuln-remediations
idna==3.10
    # via anyio
    # via httpx
iniconfig==2.0.0
    # via pytest
markdown-it-py==3.0.0
    # via rich
mdurl==0.1.2
    # via markdown-it-py
packaging==24.2
    # via pytest
pluggy==1.5.0
    # via pytest
pygments==2.18.0
    # via rich
pytest==8.3.4
    # via pytest-asyncio
pytest-asyncio==0.24.0
python-dotenv==1.0.1
    # via contrast-vuln-remediations
rich==13.9.4
    # via contrast-vuln-remediations
    # via typer
shellingham==1.5.4
    # via typer
sniffio==1.3.1
    # via anyio
tomli==2.2.1
    # via pytest
tqdm==4.67.1
    # via contrast-vuln-remediations
typer==0.15.1
    # via contrast-vuln-remediations
typing-extensions==4.12.2
    # via anyio
    # via rich
    # via typer
